{
  "name": "xtal-props",
  "version": "0.0.0",
  "lockfileVersion": 1,
  "requires": true,
  "dependencies": {
    "@github/template-parts": {
      "version": "0.3.2",
      "resolved": "https://registry.npmjs.org/@github/template-parts/-/template-parts-0.3.2.tgz",
      "integrity": "sha512-ErF88+S6rV0DRnXgs7cv2K/FGiYyipWKUZtGewfWz/8Dbddw0B5wXvZa0Ebph8ptcvYcAzDqSxy7AHCREX4xbw=="
    },
    "obj-ml": {
      "version": "0.0.1",
      "resolved": "https://registry.npmjs.org/obj-ml/-/obj-ml-0.0.1.tgz",
      "integrity": "sha512-EyobpfN0sy0uxqfpti6j6FZdvgkKqt00JMxJKNVkwngmD3bB1Y+aAD2CAQjOf02x4lHltJc27LPY550B9Rri6A==",
      "requires": {
        "trans-render": "0.0.289",
        "xtal-element": "0.0.400"
      }
    },
    "ref-to": {
      "version": "0.0.6",
      "resolved": "https://registry.npmjs.org/ref-to/-/ref-to-0.0.6.tgz",
      "integrity": "sha512-tLOsAMg2pIgneeq6AHAJVzR3RF4YLb5fPZ3aF5tzGHEDggZwT7LC4oZIR/foTUlfzgXDl11mScYD2hb12avfHA==",
      "requires": {
        "xtal-element": "0.0.400"
      }
    },
    "sceadu-fax": {
      "version": "0.0.1",
      "resolved": "https://registry.npmjs.org/sceadu-fax/-/sceadu-fax-0.0.1.tgz",
      "integrity": "sha512-zeTB+aqcgyFbHgo0q0t5aq5YCp/vqKAlf6ib3SM+wz97TQ3qGid81lK6fbmDTbKuP5ySTetHfFV+mRAhVD3i8Q==",
      "requires": {
        "ref-to": "0.0.6",
        "templ-model": "0.0.3",
        "xtal-element": "0.0.400",
        "xtal-fragment": "0.0.8"
      }
    },
    "slot-nik": {
      "version": "0.0.2",
      "resolved": "https://registry.npmjs.org/slot-nik/-/slot-nik-0.0.2.tgz",
      "integrity": "sha512-/gG+1fhiEgrIOogglOe8VseLt5eDFyM1DW8H/6LUHtVzHpf+cpy0IFY5B+Helv8GSw5MUyTh2i51mqxKZZ1VGQ==",
      "requires": {
        "xt-f": "0.0.2",
        "xtal-element": "0.0.400"
      }
    },
    "templ-model": {
      "version": "0.0.3",
      "resolved": "https://registry.npmjs.org/templ-model/-/templ-model-0.0.3.tgz",
      "integrity": "sha512-agDucfmiqBhLTqGGc2YrIR+vlh/E9qsmfa7bbn+AyKWtwlo8vqve+V6VcYlPP3FRotqrCE1CW59LN9dHG4z5mQ==",
      "requires": {
        "@github/template-parts": "0.3.2",
        "obj-ml": "0.0.1",
        "xtal-element": "0.0.400"
      }
    },
    "trans-render": {
      "version": "0.0.289",
      "resolved": "https://registry.npmjs.org/trans-render/-/trans-render-0.0.289.tgz",
      "integrity": "sha512-G1mU43kkEl+o1DsQBx95w7B/XO1chgVuvUNFz0W9EGHp//nZeysGVZc5Wf6Ewgf+Qm+nZ6G/tYFQzpbke17iCQ=="
    },
    "xt-f": {
      "version": "0.0.2",
      "resolved": "https://registry.npmjs.org/xt-f/-/xt-f-0.0.2.tgz",
      "integrity": "sha512-1nvUww/QVbxpD8TvyOE2HaALT6QvUewkRffb3+OAmAyieOptcASz3Hk/dMBxa3U9JlD6T0Zcgw1Nj4dNqmloBw==",
      "requires": {
        "xtal-element": "0.0.400"
      }
    },
    "xtal-element": {
      "version": "0.0.400",
      "resolved": "https://registry.npmjs.org/xtal-element/-/xtal-element-0.0.400.tgz",
      "integrity": "sha512-yLwQugspM57y8u+S1itd0vg0OZxMncyolf1ma/mIOK2EmNg+IubIQdX4oJxbM4Ip9QgWnScDFCpO53TlLrHnOQ==",
      "requires": {
        "trans-render": "0.0.289"
      }
    },
    "xtal-fragment": {
      "version": "0.0.8",
      "resolved": "https://registry.npmjs.org/xtal-fragment/-/xtal-fragment-0.0.8.tgz",
      "integrity": "sha512-I3VjhanAGbRrWstlc1a1tIr/UcSHVFCuDYOGpLRs9hozraZep482Y899ondSgoctqSlPc8T4ey16AXpDXhhDTw==",
      "requires": {
        "trans-render": "0.0.289",
        "xtal-element": "0.0.400"
      }
    }
  }
}
